
Microsoft Visual Studio Solution File, Format Version 12.00
# Visual Studio Version 16
VisualStudioVersion = 16.0.32510.428
MinimumVisualStudioVersion = 10.0.40219.1
Project("{9A19103F-16F7-4668-BE54-9A1E7A4F7556}") = "ProductRepository", "ProductRepository\ProductRepository.csproj", "{7DEAA6CE-A7E3-4712-A10F-8C736CBF3E51}"
EndProject
Project("{9A19103F-16F7-4668-BE54-9A1E7A4F7556}") = "ProductService", "ProductService\ProductService.csproj", "{6BF84981-703C-4C3B-A5EC-DDDC08C323D4}"
EndProject
Project("{9A19103F-16F7-4668-BE54-9A1E7A4F7556}") = "VendorRepository", "VendorRepository\VendorRepository.csproj", "{9F0BC81D-146D-4171-B46E-6E747271C1C1}"
EndProject
Project("{9A19103F-16F7-4668-BE54-9A1E7A4F7556}") = "VendorService", "VendorService\VendorService.csproj", "{7FBA0F1C-EED2-4213-8A30-4423985A0A82}"
EndProject
Project("{9A19103F-16F7-4668-BE54-9A1E7A4F7556}") = "ProceedToBuyService", "ProceedToBuyService\ProceedToBuyService.csproj", "{65F27A7C-F364-405B-8677-843F5272FE15}"
EndProject
Project("{9A19103F-16F7-4668-BE54-9A1E7A4F7556}") = "APIGateway", "APIGateway\APIGateway.csproj", "{6517BABE-E5E2-4346-9BA3-03743C505BC9}"
EndProject
Project("{9A19103F-16F7-4668-BE54-9A1E7A4F7556}") = "AuthenticationService", "AuthenticationService\AuthenticationService.csproj", "{65697C20-4E97-4D28-91B5-5ABAB276111E}"
EndProject
Project("{9A19103F-16F7-4668-BE54-9A1E7A4F7556}") = "E-CommercePortal", "E-CommercePortal\E-CommercePortal.csproj", "{2F8C0126-7CAA-4E7A-B42A-B34FC7FBE698}"
EndProject
Project("{FAE04EC0-301F-11D3-BF4B-00C04F79EFBC}") = "ProceedToBuyRepository", "ProceedToBuyRepository\ProceedToBuyRepository.csproj", "{C9566E23-0BE7-4224-886F-5618914130FA}"
EndProject
Global
	GlobalSection(SolutionConfigurationPlatforms) = preSolution
		Debug|Any CPU = Debug|Any CPU
		Release|Any CPU = Release|Any CPU
	EndGlobalSection
	GlobalSection(ProjectConfigurationPlatforms) = postSolution
		{7DEAA6CE-A7E3-4712-A10F-8C736CBF3E51}.Debug|Any CPU.ActiveCfg = Debug|Any CPU
		{7DEAA6CE-A7E3-4712-A10F-8C736CBF3E51}.Debug|Any CPU.Build.0 = Debug|Any CPU
		{7DEAA6CE-A7E3-4712-A10F-8C736CBF3E51}.Release|Any CPU.ActiveCfg = Release|Any CPU
		{7DEAA6CE-A7E3-4712-A10F-8C736CBF3E51}.Release|Any CPU.Build.0 = Release|Any CPU
		{6BF84981-703C-4C3B-A5EC-DDDC08C323D4}.Debug|Any CPU.ActiveCfg = Debug|Any CPU
		{6BF84981-703C-4C3B-A5EC-DDDC08C323D4}.Debug|Any CPU.Build.0 = Debug|Any CPU
		{6BF84981-703C-4C3B-A5EC-DDDC08C323D4}.Release|Any CPU.ActiveCfg = Release|Any CPU
		{6BF84981-703C-4C3B-A5EC-DDDC08C323D4}.Release|Any CPU.Build.0 = Release|Any CPU
		{9F0BC81D-146D-4171-B46E-6E747271C1C1}.Debug|Any CPU.ActiveCfg = Debug|Any CPU
		{9F0BC81D-146D-4171-B46E-6E747271C1C1}.Debug|Any CPU.Build.0 = Debug|Any CPU
		{9F0BC81D-146D-4171-B46E-6E747271C1C1}.Release|Any CPU.ActiveCfg = Release|Any CPU
		{9F0BC81D-146D-4171-B46E-6E747271C1C1}.Release|Any CPU.Build.0 = Release|Any CPU
		{7FBA0F1C-EED2-4213-8A30-4423985A0A82}.Debug|Any CPU.ActiveCfg = Debug|Any CPU
		{7FBA0F1C-EED2-4213-8A30-4423985A0A82}.Debug|Any CPU.Build.0 = Debug|Any CPU
		{7FBA0F1C-EED2-4213-8A30-4423985A0A82}.Release|Any CPU.ActiveCfg = Release|Any CPU
		{7FBA0F1C-EED2-4213-8A30-4423985A0A82}.Release|Any CPU.Build.0 = Release|Any CPU
		{65F27A7C-F364-405B-8677-843F5272FE15}.Debug|Any CPU.ActiveCfg = Debug|Any CPU
		{65F27A7C-F364-405B-8677-843F5272FE15}.Debug|Any CPU.Build.0 = Debug|Any CPU
		{65F27A7C-F364-405B-8677-843F5272FE15}.Release|Any CPU.ActiveCfg = Release|Any CPU
		{65F27A7C-F364-405B-8677-843F5272FE15}.Release|Any CPU.Build.0 = Release|Any CPU
		{6517BABE-E5E2-4346-9BA3-03743C505BC9}.Debug|Any CPU.ActiveCfg = Debug|Any CPU
		{6517BABE-E5E2-4346-9BA3-03743C505BC9}.Debug|Any CPU.Build.0 = Debug|Any CPU
		{6517BABE-E5E2-4346-9BA3-03743C505BC9}.Release|Any CPU.ActiveCfg = Release|Any CPU
		{6517BABE-E5E2-4346-9BA3-03743C505BC9}.Release|Any CPU.Build.0 = Release|Any CPU
		{65697C20-4E97-4D28-91B5-5ABAB276111E}.Debug|Any CPU.ActiveCfg = Debug|Any CPU
		{65697C20-4E97-4D28-91B5-5ABAB276111E}.Debug|Any CPU.Build.0 = Debug|Any CPU
		{65697C20-4E97-4D28-91B5-5ABAB276111E}.Release|Any CPU.ActiveCfg = Release|Any CPU
		{65697C20-4E97-4D28-91B5-5ABAB276111E}.Release|Any CPU.Build.0 = Release|Any CPU
		{2F8C0126-7CAA-4E7A-B42A-B34FC7FBE698}.Debug|Any CPU.ActiveCfg = Debug|Any CPU
		{2F8C0126-7CAA-4E7A-B42A-B34FC7FBE698}.Debug|Any CPU.Build.0 = Debug|Any CPU
		{2F8C0126-7CAA-4E7A-B42A-B34FC7FBE698}.Release|Any CPU.ActiveCfg = Release|Any CPU
		{2F8C0126-7CAA-4E7A-B42A-B34FC7FBE698}.Release|Any CPU.Build.0 = Release|Any CPU
		{C9566E23-0BE7-4224-886F-5618914130FA}.Debug|Any CPU.ActiveCfg = Debug|Any CPU
		{C9566E23-0BE7-4224-886F-5618914130FA}.Debug|Any CPU.Build.0 = Debug|Any CPU
		{C9566E23-0BE7-4224-886F-5618914130FA}.Release|Any CPU.ActiveCfg = Release|Any CPU
		{C9566E23-0BE7-4224-886F-5618914130FA}.Release|Any CPU.Build.0 = Release|Any CPU
	EndGlobalSection
	GlobalSection(SolutionProperties) = preSolution
		HideSolutionNode = FALSE
	EndGlobalSection
	GlobalSection(ExtensibilityGlobals) = postSolution
		SolutionGuid = {BD146B66-2B76-42D6-ACB8-CE5C785FB8A3}
	EndGlobalSection
EndGlobal
